lockfileVersion: '9.0'

settings:
  autoInstallPeers: true
  excludeLinksFromLockfile: false

importers:

  .:
    dependencies:
      '@types/node':
        specifier: ^24.8.1
        version: 24.8.1

packages:

  '@types/node@24.8.1':
    resolution: {integrity: sha512-alv65KGRadQVfVcG69MuB4IzdYVpRwMG/mq8KWOaoOdyY617P5ivaDiMCGOFDWD2sAn5Q0mR3mRtUOgm99hL9Q==}

  undici-types@7.14.0:
    resolution: {integrity: sha512-QQiYxHuyZ9gQUIrmPo3IA+hUl4KYk8uSA7cHrcKd/l3p1OTpZcM0Tbp9x7FAtXdAYhlasd60ncPpgu6ihG6TOA==}

snapshots:

  '@types/node@24.8.1':
    dependencies:
      undici-types: 7.14.0

  undici-types@7.14.0: {}
