lockfileVersion: '9.0'

settings:
  autoInstallPeers: true
  excludeLinksFromLockfile: false

importers:

  .:
    dependencies:
      network-information-types:
        specifier: ^0.1.1
        version: 0.1.1(typescript@5.7.2)

packages:

  network-information-types@0.1.1:
    resolution: {integrity: sha512-mLXNafJYOkiJB6IlF727YWssTRpXitR+tKSLyA5VAdBi3SOvLf5gtizHgxf241YHPWocnAO/fAhVrB/68tPHDw==}
    peerDependencies:
      typescript: '>= 3.0.0'

  typescript@5.7.2:
    resolution: {integrity: sha512-i5t66RHxDvVN40HfDd1PsEThGNnlMCMT3jMUuoh9/0TaqWevNontacunWyN02LA9/fIbEWlcHZcgTKb9QoaLfg==}
    engines: {node: '>=14.17'}
    hasBin: true

snapshots:

  network-information-types@0.1.1(typescript@5.7.2):
    dependencies:
      typescript: 5.7.2

  typescript@5.7.2: {}
