lockfileVersion: '9.0'

settings:
  autoInstallPeers: true
  excludeLinksFromLockfile: false

importers:

  .:
    dependencies:
      del:
        specifier: ^8.0.0
        version: 8.0.0
      network-information-types:
        specifier: ^0.1.1
        version: 0.1.1(typescript@5.7.2)
    devDependencies:
      '@types/jsdom':
        specifier: ^21.1.7
        version: 21.1.7
      '@types/node':
        specifier: ^22.10.1
        version: 22.10.1
      autoprefixer:
        specifier: ^10.4.20
        version: 10.4.20(postcss@8.4.49)
      cssnano:
        specifier: ^7.0.6
        version: 7.0.6(postcss@8.4.49)
      fs:
        specifier: 0.0.1-security
        version: 0.0.1-security
      jsdom:
        specifier: ^25.0.1
        version: 25.0.1
      postcss:
        specifier: ^8.4.49
        version: 8.4.49

packages:

  '@nodelib/fs.scandir@2.1.5':
    resolution: {integrity: sha512-vq24Bq3ym5HEQm2NKCr3yXDwjc7vTsEThRDnkp2DK9p1uqLR+DHurm/NOTo0KG7HYHU7eppKZj3MyqYuMBf62g==}
    engines: {node: '>= 8'}

  '@nodelib/fs.stat@2.0.5':
    resolution: {integrity: sha512-RkhPPp2zrqDAQA/2jNhnztcPAlv64XdhIp7a7454A5ovI7Bukxgt7MX7udwAu3zg1DcpPU0rz3VV1SeaqvY4+A==}
    engines: {node: '>= 8'}

  '@nodelib/fs.walk@1.2.8':
    resolution: {integrity: sha512-oGB+UxlgWcgQkgwo8GcEGwemoTFt3FIO9ababBmaGwXIoBKZ+GTy0pP185beGg7Llih/NSHSV2XAs1lnznocSg==}
    engines: {node: '>= 8'}

  '@sindresorhus/merge-streams@2.3.0':
    resolution: {integrity: sha512-LtoMMhxAlorcGhmFYI+LhPgbPZCkgP6ra1YL604EeF6U98pLlQ3iWIGMdWSC+vWmPBWBNgmDBAhnAobLROJmwg==}
    engines: {node: '>=18'}

  '@trysound/sax@0.2.0':
    resolution: {integrity: sha512-L7z9BgrNEcYyUYtF+HaEfiS5ebkh9jXqbszz7pC0hRBPaatV0XjSD3+eHrpqFemQfgwiFF0QPIarnIihIDn7OA==}
    engines: {node: '>=10.13.0'}

  '@types/jsdom@21.1.7':
    resolution: {integrity: sha512-yOriVnggzrnQ3a9OKOCxaVuSug3w3/SbOj5i7VwXWZEyUNl3bLF9V3MfxGbZKuwqJOQyRfqXyROBB1CoZLFWzA==}

  '@types/node@22.10.1':
    resolution: {integrity: sha512-qKgsUwfHZV2WCWLAnVP1JqnpE6Im6h3Y0+fYgMTasNQ7V++CBX5OT1as0g0f+OyubbFqhf6XVNIsmN4IIhEgGQ==}

  '@types/tough-cookie@4.0.5':
    resolution: {integrity: sha512-/Ad8+nIOV7Rl++6f1BdKxFSMgmoqEoYbHRpPcx3JEfv8VRsQe9Z4mCXeJBzxs7mbHY/XOZZuXlRNfhpVPbs6ZA==}

  agent-base@7.1.3:
    resolution: {integrity: sha512-jRR5wdylq8CkOe6hei19GGZnxM6rBGwFl3Bg0YItGDimvjGtAvdZk4Pu6Cl4u4Igsws4a1fd1Vq3ezrhn4KmFw==}
    engines: {node: '>= 14'}

  asynckit@0.4.0:
    resolution: {integrity: sha512-Oei9OH4tRh0YqU3GxhX79dM/mwVgvbZJaSNaRk+bshkj0S5cfHcgYakreBjrHwatXKbz+IoIdYLxrKim2MjW0Q==}

  autoprefixer@10.4.20:
    resolution: {integrity: sha512-XY25y5xSv/wEoqzDyXXME4AFfkZI0P23z6Fs3YgymDnKJkCGOnkL0iTxCa85UTqaSgfcqyf3UA6+c7wUvx/16g==}
    engines: {node: ^10 || ^12 || >=14}
    hasBin: true
    peerDependencies:
      postcss: ^8.1.0

  boolbase@1.0.0:
    resolution: {integrity: sha512-JZOSA7Mo9sNGB8+UjSgzdLtokWAky1zbztM3WRLCbZ70/3cTANmQmOdR7y2g+J0e2WXywy1yS468tY+IruqEww==}

  braces@3.0.3:
    resolution: {integrity: sha512-yQbXgO/OSZVD2IsiLlro+7Hf6Q18EJrKSEsdoMzKePKXct3gvD8oLcOQdIzGupr5Fj+EDe8gO/lxc1BzfMpxvA==}
    engines: {node: '>=8'}

  browserslist@4.24.2:
    resolution: {integrity: sha512-ZIc+Q62revdMcqC6aChtW4jz3My3klmCO1fEmINZY/8J3EpBg5/A/D0AKmBveUh6pgoeycoMkVMko84tuYS+Gg==}
    engines: {node: ^6 || ^7 || ^8 || ^9 || ^10 || ^11 || ^12 || >=13.7}
    hasBin: true

  caniuse-api@3.0.0:
    resolution: {integrity: sha512-bsTwuIg/BZZK/vreVTYYbSWoe2F+71P7K5QGEX+pT250DZbfU1MQ5prOKpPR+LL6uWKK3KMwMCAS74QB3Um1uw==}

  caniuse-lite@1.0.30001687:
    resolution: {integrity: sha512-0S/FDhf4ZiqrTUiQ39dKeUjYRjkv7lOZU1Dgif2rIqrTzX/1wV2hfKu9TOm1IHkdSijfLswxTFzl/cvir+SLSQ==}

  colord@2.9.3:
    resolution: {integrity: sha512-jeC1axXpnb0/2nn/Y1LPuLdgXBLH7aDcHu4KEKfqw3CUhX7ZpfBSlPKyqXE6btIgEzfWtrX3/tyBCaCvXvMkOw==}

  combined-stream@1.0.8:
    resolution: {integrity: sha512-FQN4MRfuJeHf7cBbBMJFXhKSDq+2kAArBlmRBvcvFE5BB1HZKXtSFASDhdlz9zOYwxh8lDdnvmMOe/+5cdoEdg==}
    engines: {node: '>= 0.8'}

  commander@7.2.0:
    resolution: {integrity: sha512-QrWXB+ZQSVPmIWIhtEO9H+gwHaMGYiF5ChvoJ+K9ZGHG/sVsa6yiesAD1GC/x46sET00Xlwo1u49RVVVzvcSkw==}
    engines: {node: '>= 10'}

  css-declaration-sorter@7.2.0:
    resolution: {integrity: sha512-h70rUM+3PNFuaBDTLe8wF/cdWu+dOZmb7pJt8Z2sedYbAcQVQV/tEchueg3GWxwqS0cxtbxmaHEdkNACqcvsow==}
    engines: {node: ^14 || ^16 || >=18}
    peerDependencies:
      postcss: ^8.0.9

  css-select@5.1.0:
    resolution: {integrity: sha512-nwoRF1rvRRnnCqqY7updORDsuqKzqYJ28+oSMaJMMgOauh3fvwHqMS7EZpIPqK8GL+g9mKxF1vP/ZjSeNjEVHg==}

  css-tree@2.2.1:
    resolution: {integrity: sha512-OA0mILzGc1kCOCSJerOeqDxDQ4HOh+G8NbOJFOTgOCzpw7fCBubk0fEyxp8AgOL/jvLgYA/uV0cMbe43ElF1JA==}
    engines: {node: ^10 || ^12.20.0 || ^14.13.0 || >=15.0.0, npm: '>=7.0.0'}

  css-tree@2.3.1:
    resolution: {integrity: sha512-6Fv1DV/TYw//QF5IzQdqsNDjx/wc8TrMBZsqjL9eW01tWb7R7k/mq+/VXfJCl7SoD5emsJop9cOByJZfs8hYIw==}
    engines: {node: ^10 || ^12.20.0 || ^14.13.0 || >=15.0.0}

  css-what@6.1.0:
    resolution: {integrity: sha512-HTUrgRJ7r4dsZKU6GjmpfRK1O76h97Z8MfS1G0FozR+oF2kG6Vfe8JE6zwrkbxigziPHinCJ+gCPjA9EaBDtRw==}
    engines: {node: '>= 6'}

  cssesc@3.0.0:
    resolution: {integrity: sha512-/Tb/JcjK111nNScGob5MNtsntNM1aCNUDipB/TkwZFhyDrrE47SOx/18wF2bbjgc3ZzCSKW1T5nt5EbFoAz/Vg==}
    engines: {node: '>=4'}
    hasBin: true

  cssnano-preset-default@7.0.6:
    resolution: {integrity: sha512-ZzrgYupYxEvdGGuqL+JKOY70s7+saoNlHSCK/OGn1vB2pQK8KSET8jvenzItcY+kA7NoWvfbb/YhlzuzNKjOhQ==}
    engines: {node: ^18.12.0 || ^20.9.0 || >=22.0}
    peerDependencies:
      postcss: ^8.4.31

  cssnano-utils@5.0.0:
    resolution: {integrity: sha512-Uij0Xdxc24L6SirFr25MlwC2rCFX6scyUmuKpzI+JQ7cyqDEwD42fJ0xfB3yLfOnRDU5LKGgjQ9FA6LYh76GWQ==}
    engines: {node: ^18.12.0 || ^20.9.0 || >=22.0}
    peerDependencies:
      postcss: ^8.4.31

  cssnano@7.0.6:
    resolution: {integrity: sha512-54woqx8SCbp8HwvNZYn68ZFAepuouZW4lTwiMVnBErM3VkO7/Sd4oTOt3Zz3bPx3kxQ36aISppyXj2Md4lg8bw==}
    engines: {node: ^18.12.0 || ^20.9.0 || >=22.0}
    peerDependencies:
      postcss: ^8.4.31

  csso@5.0.5:
    resolution: {integrity: sha512-0LrrStPOdJj+SPCCrGhzryycLjwcgUSHBtxNA8aIDxf0GLsRh1cKYhB00Gd1lDOS4yGH69+SNn13+TWbVHETFQ==}
    engines: {node: ^10 || ^12.20.0 || ^14.13.0 || >=15.0.0, npm: '>=7.0.0'}

  cssstyle@4.1.0:
    resolution: {integrity: sha512-h66W1URKpBS5YMI/V8PyXvTMFT8SupJ1IzoIV8IeBC/ji8WVmrO8dGlTi+2dh6whmdk6BiKJLD/ZBkhWbcg6nA==}
    engines: {node: '>=18'}

  data-urls@5.0.0:
    resolution: {integrity: sha512-ZYP5VBHshaDAiVZxjbRVcFJpc+4xGgT0bK3vzy1HLN8jTO975HEbuYzZJcHoQEY5K1a0z8YayJkyVETa08eNTg==}
    engines: {node: '>=18'}

  debug@4.4.0:
    resolution: {integrity: sha512-6WTZ/IxCY/T6BALoZHaE4ctp9xm+Z5kY/pzYaCHRFeyVhojxlrm+46y68HA6hr0TcwEssoxNiDEUJQjfPZ/RYA==}
    engines: {node: '>=6.0'}
    peerDependencies:
      supports-color: '*'
    peerDependenciesMeta:
      supports-color:
        optional: true

  decimal.js@10.4.3:
    resolution: {integrity: sha512-VBBaLc1MgL5XpzgIP7ny5Z6Nx3UrRkIViUkPUdtl9aya5amy3De1gsUUSB1g3+3sExYNjCAsAznmukyxCb1GRA==}

  del@8.0.0:
    resolution: {integrity: sha512-R6ep6JJ+eOBZsBr9esiNN1gxFbZE4Q2cULkUSFumGYecAiS6qodDvcPx/sFuWHMNul7DWmrtoEOpYSm7o6tbSA==}
    engines: {node: '>=18'}

  delayed-stream@1.0.0:
    resolution: {integrity: sha512-ZySD7Nf91aLB0RxL4KGrKHBXl7Eds1DAmEdcoVawXnLD7SDhpNgtuII2aAkg7a7QS41jxPSZ17p4VdGnMHk3MQ==}
    engines: {node: '>=0.4.0'}

  dom-serializer@2.0.0:
    resolution: {integrity: sha512-wIkAryiqt/nV5EQKqQpo3SToSOV9J0DnbJqwK7Wv/Trc92zIAYZ4FlMu+JPFW1DfGFt81ZTCGgDEabffXeLyJg==}

  domelementtype@2.3.0:
    resolution: {integrity: sha512-OLETBj6w0OsagBwdXnPdN0cnMfF9opN69co+7ZrbfPGrdpPVNBUj02spi6B1N7wChLQiPn4CSH/zJvXw56gmHw==}

  domhandler@5.0.3:
    resolution: {integrity: sha512-cgwlv/1iFQiFnU96XXgROh8xTeetsnJiDsTc7TYCLFd9+/WNkIqPTxiM/8pSd8VIrhXGTf1Ny1q1hquVqDJB5w==}
    engines: {node: '>= 4'}

  domutils@3.1.0:
    resolution: {integrity: sha512-H78uMmQtI2AhgDJjWeQmHwJJ2bLPD3GMmO7Zja/ZZh84wkm+4ut+IUnUdRa8uCGX88DiVx1j6FRe1XfxEgjEZA==}

  electron-to-chromium@1.5.72:
    resolution: {integrity: sha512-ZpSAUOZ2Izby7qnZluSrAlGgGQzucmFbN0n64dYzocYxnxV5ufurpj3VgEe4cUp7ir9LmeLxNYo8bVnlM8bQHw==}

  entities@4.5.0:
    resolution: {integrity: sha512-V0hjH4dGPh9Ao5p0MoRY6BVqtwCjhz6vI5LT8AJ55H+4g9/4vbHx1I54fS0XuclLhDHArPQCiMjDxjaL8fPxhw==}
    engines: {node: '>=0.12'}

  escalade@3.2.0:
    resolution: {integrity: sha512-WUj2qlxaQtO4g6Pq5c29GTcWGDyd8itL8zTlipgECz3JesAiiOKotd8JU6otB3PACgG6xkJUyVhboMS+bje/jA==}
    engines: {node: '>=6'}

  fast-glob@3.3.2:
    resolution: {integrity: sha512-oX2ruAFQwf/Orj8m737Y5adxDQO0LAB7/S5MnxCdTNDd4p6BsyIVsv9JQsATbTSq8KHRpLwIHbVlUNatxd+1Ow==}
    engines: {node: '>=8.6.0'}

  fastq@1.17.1:
    resolution: {integrity: sha512-sRVD3lWVIXWg6By68ZN7vho9a1pQcN/WBFaAAsDDFzlJjvoGx0P8z7V1t72grFJfJhu3YPZBuu25f7Kaw2jN1w==}

  fill-range@7.1.1:
    resolution: {integrity: sha512-YsGpe3WHLK8ZYi4tWDg2Jy3ebRz2rXowDxnld4bkQB00cc/1Zw9AWnC0i9ztDJitivtQvaI9KaLyKrc+hBW0yg==}
    engines: {node: '>=8'}

  form-data@4.0.1:
    resolution: {integrity: sha512-tzN8e4TX8+kkxGPK8D5u0FNmjPUjw3lwC9lSLxxoB/+GtsJG91CO8bSWy73APlgAZzZbXEYZJuxjkHH2w+Ezhw==}
    engines: {node: '>= 6'}

  fraction.js@4.3.7:
    resolution: {integrity: sha512-ZsDfxO51wGAXREY55a7la9LScWpwv9RxIrYABrlvOFBlH/ShPnrtsXeuUIfXKKOVicNxQ+o8JTbJvjS4M89yew==}

  fs@0.0.1-security:
    resolution: {integrity: sha512-3XY9e1pP0CVEUCdj5BmfIZxRBTSDycnbqhIOGec9QYtmVH2fbLpj86CFWkrNOkt/Fvty4KZG5lTglL9j/gJ87w==}

  glob-parent@5.1.2:
    resolution: {integrity: sha512-AOIgSQCepiJYwP3ARnGx+5VnTu2HBYdzbGP45eLw1vr3zB3vZLeyed1sC9hnbcOc9/SrMyM5RPQrkGz4aS9Zow==}
    engines: {node: '>= 6'}

  globby@14.0.2:
    resolution: {integrity: sha512-s3Fq41ZVh7vbbe2PN3nrW7yC7U7MFVc5c98/iTl9c2GawNMKx/J648KQRW6WKkuU8GIbbh2IXfIRQjOZnXcTnw==}
    engines: {node: '>=18'}

  html-encoding-sniffer@4.0.0:
    resolution: {integrity: sha512-Y22oTqIU4uuPgEemfz7NDJz6OeKf12Lsu+QC+s3BVpda64lTiMYCyGwg5ki4vFxkMwQdeZDl2adZoqUgdFuTgQ==}
    engines: {node: '>=18'}

  http-proxy-agent@7.0.2:
    resolution: {integrity: sha512-T1gkAiYYDWYx3V5Bmyu7HcfcvL7mUrTWiM6yOfa3PIphViJ/gFPbvidQ+veqSOHci/PxBcDabeUNCzpOODJZig==}
    engines: {node: '>= 14'}

  https-proxy-agent@7.0.6:
    resolution: {integrity: sha512-vK9P5/iUfdl95AI+JVyUuIcVtd4ofvtrOr3HNtM2yxC9bnMbEdp3x01OhQNnjb8IJYi38VlTE3mBXwcfvywuSw==}
    engines: {node: '>= 14'}

  iconv-lite@0.6.3:
    resolution: {integrity: sha512-4fCk79wshMdzMp2rH06qWrJE4iolqLhCUH+OiuIgU++RB0+94NlDL81atO7GX55uUKueo0txHNtvEyI6D7WdMw==}
    engines: {node: '>=0.10.0'}

  ignore@5.3.2:
    resolution: {integrity: sha512-hsBTNUqQTDwkWtcdYI2i06Y/nUBEsNEDJKjWdigLvegy8kDuJAS8uRlpkkcQpyEXL0Z/pjDy5HBmMjRCJ2gq+g==}
    engines: {node: '>= 4'}

  is-extglob@2.1.1:
    resolution: {integrity: sha512-SbKbANkN603Vi4jEZv49LeVJMn4yGwsbzZworEoyEiutsN3nJYdbO36zfhGJ6QEDpOZIFkDtnq5JRxmvl3jsoQ==}
    engines: {node: '>=0.10.0'}

  is-glob@4.0.3:
    resolution: {integrity: sha512-xelSayHH36ZgE7ZWhli7pW34hNbNl8Ojv5KVmkJD4hBdD3th8Tfk9vYasLM+mXWOZhFkgZfxhLSnrwRr4elSSg==}
    engines: {node: '>=0.10.0'}

  is-number@7.0.0:
    resolution: {integrity: sha512-41Cifkg6e8TylSpdtTpeLVMqvSBEVzTttHvERD741+pnZ8ANv0004MRL43QKPDlK9cGvNp6NZWZUBlbGXYxxng==}
    engines: {node: '>=0.12.0'}

  is-path-cwd@3.0.0:
    resolution: {integrity: sha512-kyiNFFLU0Ampr6SDZitD/DwUo4Zs1nSdnygUBqsu3LooL00Qvb5j+UnvApUn/TTj1J3OuE6BTdQ5rudKmU2ZaA==}
    engines: {node: ^12.20.0 || ^14.13.1 || >=16.0.0}

  is-path-inside@4.0.0:
    resolution: {integrity: sha512-lJJV/5dYS+RcL8uQdBDW9c9uWFLLBNRyFhnAKXw5tVqLlKZ4RMGZKv+YQ/IA3OhD+RpbJa1LLFM1FQPGyIXvOA==}
    engines: {node: '>=12'}

  is-potential-custom-element-name@1.0.1:
    resolution: {integrity: sha512-bCYeRA2rVibKZd+s2625gGnGF/t7DSqDs4dP7CrLA1m7jKWz6pps0LpYLJN8Q64HtmPKJ1hrN3nzPNKFEKOUiQ==}

  jsdom@25.0.1:
    resolution: {integrity: sha512-8i7LzZj7BF8uplX+ZyOlIz86V6TAsSs+np6m1kpW9u0JWi4z/1t+FzcK1aek+ybTnAC4KhBL4uXCNT0wcUIeCw==}
    engines: {node: '>=18'}
    peerDependencies:
      canvas: ^2.11.2
    peerDependenciesMeta:
      canvas:
        optional: true

  lilconfig@3.1.3:
    resolution: {integrity: sha512-/vlFKAoH5Cgt3Ie+JLhRbwOsCQePABiU3tJ1egGvyQ+33R/vcwM2Zl2QR/LzjsBeItPt3oSVXapn+m4nQDvpzw==}
    engines: {node: '>=14'}

  lodash.memoize@4.1.2:
    resolution: {integrity: sha512-t7j+NzmgnQzTAYXcsHYLgimltOV1MXHtlOWf6GjL9Kj8GK5FInw5JotxvbOs+IvV1/Dzo04/fCGfLVs7aXb4Ag==}

  lodash.uniq@4.5.0:
    resolution: {integrity: sha512-xfBaXQd9ryd9dlSDvnvI0lvxfLJlYAZzXomUYzLKtUeOQvOP5piqAWuGtrhWeqaXK9hhoM/iyJc5AV+XfsX3HQ==}

  mdn-data@2.0.28:
    resolution: {integrity: sha512-aylIc7Z9y4yzHYAJNuESG3hfhC+0Ibp/MAMiaOZgNv4pmEdFyfZhhhny4MNiAfWdBQ1RQ2mfDWmM1x8SvGyp8g==}

  mdn-data@2.0.30:
    resolution: {integrity: sha512-GaqWWShW4kv/G9IEucWScBx9G1/vsFZZJUO+tD26M8J8z3Kw5RDQjaoZe03YAClgeS/SWPOcb4nkFBTEi5DUEA==}

  merge2@1.4.1:
    resolution: {integrity: sha512-8q7VEgMJW4J8tcfVPy8g09NcQwZdbwFEqhe/WZkoIzjn/3TGDwtOCYtXGxA3O8tPzpczCCDgv+P2P5y00ZJOOg==}
    engines: {node: '>= 8'}

  micromatch@4.0.8:
    resolution: {integrity: sha512-PXwfBhYu0hBCPw8Dn0E+WDYb7af3dSLVWKi3HGv84IdF4TyFoC0ysxFd0Goxw7nSv4T/PzEJQxsYsEiFCKo2BA==}
    engines: {node: '>=8.6'}

  mime-db@1.52.0:
    resolution: {integrity: sha512-sPU4uV7dYlvtWJxwwxHD0PuihVNiE7TyAbQ5SWxDCB9mUYvOgroQOwYQQOKPJ8CIbE+1ETVlOoK1UC2nU3gYvg==}
    engines: {node: '>= 0.6'}

  mime-types@2.1.35:
    resolution: {integrity: sha512-ZDY+bPm5zTTF+YpCrAU9nK0UgICYPT0QtT1NZWFv4s++TNkcgVaT0g6+4R2uI4MjQjzysHB1zxuWL50hzaeXiw==}
    engines: {node: '>= 0.6'}

  ms@2.1.3:
    resolution: {integrity: sha512-6FlzubTLZG3J2a/NVCAleEhjzq5oxgHyaCU9yYXvcLsvoVaHJq/s5xXI6/XXP6tz7R9xAOtHnSO/tXtF3WRTlA==}

  nanoid@3.3.8:
    resolution: {integrity: sha512-WNLf5Sd8oZxOm+TzppcYk8gVOgP+l58xNy58D0nbUnOxOWRWvlcCV4kUF7ltmI6PsrLl/BgKEyS4mqsGChFN0w==}
    engines: {node: ^10 || ^12 || ^13.7 || ^14 || >=15.0.1}
    hasBin: true

  network-information-types@0.1.1:
    resolution: {integrity: sha512-mLXNafJYOkiJB6IlF727YWssTRpXitR+tKSLyA5VAdBi3SOvLf5gtizHgxf241YHPWocnAO/fAhVrB/68tPHDw==}
    peerDependencies:
      typescript: '>= 3.0.0'

  node-releases@2.0.19:
    resolution: {integrity: sha512-xxOWJsBKtzAq7DY0J+DTzuz58K8e7sJbdgwkbMWQe8UYB6ekmsQ45q0M/tJDsGaZmbC+l7n57UV8Hl5tHxO9uw==}

  normalize-range@0.1.2:
    resolution: {integrity: sha512-bdok/XvKII3nUpklnV6P2hxtMNrCboOjAcyBuQnWEhO665FwrSNRxU+AqpsyvO6LgGYPspN+lu5CLtw4jPRKNA==}
    engines: {node: '>=0.10.0'}

  nth-check@2.1.1:
    resolution: {integrity: sha512-lqjrjmaOoAnWfMmBPL+XNnynZh2+swxiX3WUE0s4yEHI6m+AwrK2UZOimIRl3X/4QctVqS8AiZjFqyOGrMXb/w==}

  nwsapi@2.2.16:
    resolution: {integrity: sha512-F1I/bimDpj3ncaNDhfyMWuFqmQDBwDB0Fogc2qpL3BWvkQteFD/8BzWuIRl83rq0DXfm8SGt/HFhLXZyljTXcQ==}

  p-map@7.0.3:
    resolution: {integrity: sha512-VkndIv2fIB99swvQoA65bm+fsmt6UNdGeIB0oxBs+WhAhdh08QA04JXpI7rbB9r08/nkbysKoya9rtDERYOYMA==}
    engines: {node: '>=18'}

  parse5@7.2.1:
    resolution: {integrity: sha512-BuBYQYlv1ckiPdQi/ohiivi9Sagc9JG+Ozs0r7b/0iK3sKmrb0b9FdWdBbOdx6hBCM/F9Ir82ofnBhtZOjCRPQ==}

  path-type@5.0.0:
    resolution: {integrity: sha512-5HviZNaZcfqP95rwpv+1HDgUamezbqdSYTyzjTvwtJSnIH+3vnbmWsItli8OFEndS984VT55M3jduxZbX351gg==}
    engines: {node: '>=12'}

  picocolors@1.1.1:
    resolution: {integrity: sha512-xceH2snhtb5M9liqDsmEw56le376mTZkEX/jEb/RxNFyegNul7eNslCXP9FDj/Lcu0X8KEyMceP2ntpaHrDEVA==}

  picomatch@2.3.1:
    resolution: {integrity: sha512-JU3teHTNjmE2VCGFzuY8EXzCDVwEqB2a8fsIvwaStHhAWJEeVd1o1QD80CU6+ZdEXXSLbSsuLwJjkCBWqRQUVA==}
    engines: {node: '>=8.6'}

  postcss-calc@10.0.2:
    resolution: {integrity: sha512-DT/Wwm6fCKgpYVI7ZEWuPJ4az8hiEHtCUeYjZXqU7Ou4QqYh1Df2yCQ7Ca6N7xqKPFkxN3fhf+u9KSoOCJNAjg==}
    engines: {node: ^18.12 || ^20.9 || >=22.0}
    peerDependencies:
      postcss: ^8.4.38

  postcss-colormin@7.0.2:
    resolution: {integrity: sha512-YntRXNngcvEvDbEjTdRWGU606eZvB5prmHG4BF0yLmVpamXbpsRJzevyy6MZVyuecgzI2AWAlvFi8DAeCqwpvA==}
    engines: {node: ^18.12.0 || ^20.9.0 || >=22.0}
    peerDependencies:
      postcss: ^8.4.31

  postcss-convert-values@7.0.4:
    resolution: {integrity: sha512-e2LSXPqEHVW6aoGbjV9RsSSNDO3A0rZLCBxN24zvxF25WknMPpX8Dm9UxxThyEbaytzggRuZxaGXqaOhxQ514Q==}
    engines: {node: ^18.12.0 || ^20.9.0 || >=22.0}
    peerDependencies:
      postcss: ^8.4.31

  postcss-discard-comments@7.0.3:
    resolution: {integrity: sha512-q6fjd4WU4afNhWOA2WltHgCbkRhZPgQe7cXF74fuVB/ge4QbM9HEaOIzGSiMvM+g/cOsNAUGdf2JDzqA2F8iLA==}
    engines: {node: ^18.12.0 || ^20.9.0 || >=22.0}
    peerDependencies:
      postcss: ^8.4.31

  postcss-discard-duplicates@7.0.1:
    resolution: {integrity: sha512-oZA+v8Jkpu1ct/xbbrntHRsfLGuzoP+cpt0nJe5ED2FQF8n8bJtn7Bo28jSmBYwqgqnqkuSXJfSUEE7if4nClQ==}
    engines: {node: ^18.12.0 || ^20.9.0 || >=22.0}
    peerDependencies:
      postcss: ^8.4.31

  postcss-discard-empty@7.0.0:
    resolution: {integrity: sha512-e+QzoReTZ8IAwhnSdp/++7gBZ/F+nBq9y6PomfwORfP7q9nBpK5AMP64kOt0bA+lShBFbBDcgpJ3X4etHg4lzA==}
    engines: {node: ^18.12.0 || ^20.9.0 || >=22.0}
    peerDependencies:
      postcss: ^8.4.31

  postcss-discard-overridden@7.0.0:
    resolution: {integrity: sha512-GmNAzx88u3k2+sBTZrJSDauR0ccpE24omTQCVmaTTZFz1du6AasspjaUPMJ2ud4RslZpoFKyf+6MSPETLojc6w==}
    engines: {node: ^18.12.0 || ^20.9.0 || >=22.0}
    peerDependencies:
      postcss: ^8.4.31

  postcss-merge-longhand@7.0.4:
    resolution: {integrity: sha512-zer1KoZA54Q8RVHKOY5vMke0cCdNxMP3KBfDerjH/BYHh4nCIh+1Yy0t1pAEQF18ac/4z3OFclO+ZVH8azjR4A==}
    engines: {node: ^18.12.0 || ^20.9.0 || >=22.0}
    peerDependencies:
      postcss: ^8.4.31

  postcss-merge-rules@7.0.4:
    resolution: {integrity: sha512-ZsaamiMVu7uBYsIdGtKJ64PkcQt6Pcpep/uO90EpLS3dxJi6OXamIobTYcImyXGoW0Wpugh7DSD3XzxZS9JCPg==}
    engines: {node: ^18.12.0 || ^20.9.0 || >=22.0}
    peerDependencies:
      postcss: ^8.4.31

  postcss-minify-font-values@7.0.0:
    resolution: {integrity: sha512-2ckkZtgT0zG8SMc5aoNwtm5234eUx1GGFJKf2b1bSp8UflqaeFzR50lid4PfqVI9NtGqJ2J4Y7fwvnP/u1cQog==}
    engines: {node: ^18.12.0 || ^20.9.0 || >=22.0}
    peerDependencies:
      postcss: ^8.4.31

  postcss-minify-gradients@7.0.0:
    resolution: {integrity: sha512-pdUIIdj/C93ryCHew0UgBnL2DtUS3hfFa5XtERrs4x+hmpMYGhbzo6l/Ir5de41O0GaKVpK1ZbDNXSY6GkXvtg==}
    engines: {node: ^18.12.0 || ^20.9.0 || >=22.0}
    peerDependencies:
      postcss: ^8.4.31

  postcss-minify-params@7.0.2:
    resolution: {integrity: sha512-nyqVLu4MFl9df32zTsdcLqCFfE/z2+f8GE1KHPxWOAmegSo6lpV2GNy5XQvrzwbLmiU7d+fYay4cwto1oNdAaQ==}
    engines: {node: ^18.12.0 || ^20.9.0 || >=22.0}
    peerDependencies:
      postcss: ^8.4.31

  postcss-minify-selectors@7.0.4:
    resolution: {integrity: sha512-JG55VADcNb4xFCf75hXkzc1rNeURhlo7ugf6JjiiKRfMsKlDzN9CXHZDyiG6x/zGchpjQS+UAgb1d4nqXqOpmA==}
    engines: {node: ^18.12.0 || ^20.9.0 || >=22.0}
    peerDependencies:
      postcss: ^8.4.31

  postcss-normalize-charset@7.0.0:
    resolution: {integrity: sha512-ABisNUXMeZeDNzCQxPxBCkXexvBrUHV+p7/BXOY+ulxkcjUZO0cp8ekGBwvIh2LbCwnWbyMPNJVtBSdyhM2zYQ==}
    engines: {node: ^18.12.0 || ^20.9.0 || >=22.0}
    peerDependencies:
      postcss: ^8.4.31

  postcss-normalize-display-values@7.0.0:
    resolution: {integrity: sha512-lnFZzNPeDf5uGMPYgGOw7v0BfB45+irSRz9gHQStdkkhiM0gTfvWkWB5BMxpn0OqgOQuZG/mRlZyJxp0EImr2Q==}
    engines: {node: ^18.12.0 || ^20.9.0 || >=22.0}
    peerDependencies:
      postcss: ^8.4.31

  postcss-normalize-positions@7.0.0:
    resolution: {integrity: sha512-I0yt8wX529UKIGs2y/9Ybs2CelSvItfmvg/DBIjTnoUSrPxSV7Z0yZ8ShSVtKNaV/wAY+m7bgtyVQLhB00A1NQ==}
    engines: {node: ^18.12.0 || ^20.9.0 || >=22.0}
    peerDependencies:
      postcss: ^8.4.31

  postcss-normalize-repeat-style@7.0.0:
    resolution: {integrity: sha512-o3uSGYH+2q30ieM3ppu9GTjSXIzOrRdCUn8UOMGNw7Af61bmurHTWI87hRybrP6xDHvOe5WlAj3XzN6vEO8jLw==}
    engines: {node: ^18.12.0 || ^20.9.0 || >=22.0}
    peerDependencies:
      postcss: ^8.4.31

  postcss-normalize-string@7.0.0:
    resolution: {integrity: sha512-w/qzL212DFVOpMy3UGyxrND+Kb0fvCiBBujiaONIihq7VvtC7bswjWgKQU/w4VcRyDD8gpfqUiBQ4DUOwEJ6Qg==}
    engines: {node: ^18.12.0 || ^20.9.0 || >=22.0}
    peerDependencies:
      postcss: ^8.4.31

  postcss-normalize-timing-functions@7.0.0:
    resolution: {integrity: sha512-tNgw3YV0LYoRwg43N3lTe3AEWZ66W7Dh7lVEpJbHoKOuHc1sLrzMLMFjP8SNULHaykzsonUEDbKedv8C+7ej6g==}
    engines: {node: ^18.12.0 || ^20.9.0 || >=22.0}
    peerDependencies:
      postcss: ^8.4.31

  postcss-normalize-unicode@7.0.2:
    resolution: {integrity: sha512-ztisabK5C/+ZWBdYC+Y9JCkp3M9qBv/XFvDtSw0d/XwfT3UaKeW/YTm/MD/QrPNxuecia46vkfEhewjwcYFjkg==}
    engines: {node: ^18.12.0 || ^20.9.0 || >=22.0}
    peerDependencies:
      postcss: ^8.4.31

  postcss-normalize-url@7.0.0:
    resolution: {integrity: sha512-+d7+PpE+jyPX1hDQZYG+NaFD+Nd2ris6r8fPTBAjE8z/U41n/bib3vze8x7rKs5H1uEw5ppe9IojewouHk0klQ==}
    engines: {node: ^18.12.0 || ^20.9.0 || >=22.0}
    peerDependencies:
      postcss: ^8.4.31

  postcss-normalize-whitespace@7.0.0:
    resolution: {integrity: sha512-37/toN4wwZErqohedXYqWgvcHUGlT8O/m2jVkAfAe9Bd4MzRqlBmXrJRePH0e9Wgnz2X7KymTgTOaaFizQe3AQ==}
    engines: {node: ^18.12.0 || ^20.9.0 || >=22.0}
    peerDependencies:
      postcss: ^8.4.31

  postcss-ordered-values@7.0.1:
    resolution: {integrity: sha512-irWScWRL6nRzYmBOXReIKch75RRhNS86UPUAxXdmW/l0FcAsg0lvAXQCby/1lymxn/o0gVa6Rv/0f03eJOwHxw==}
    engines: {node: ^18.12.0 || ^20.9.0 || >=22.0}
    peerDependencies:
      postcss: ^8.4.31

  postcss-reduce-initial@7.0.2:
    resolution: {integrity: sha512-pOnu9zqQww7dEKf62Nuju6JgsW2V0KRNBHxeKohU+JkHd/GAH5uvoObqFLqkeB2n20mr6yrlWDvo5UBU5GnkfA==}
    engines: {node: ^18.12.0 || ^20.9.0 || >=22.0}
    peerDependencies:
      postcss: ^8.4.31

  postcss-reduce-transforms@7.0.0:
    resolution: {integrity: sha512-pnt1HKKZ07/idH8cpATX/ujMbtOGhUfE+m8gbqwJE05aTaNw8gbo34a2e3if0xc0dlu75sUOiqvwCGY3fzOHew==}
    engines: {node: ^18.12.0 || ^20.9.0 || >=22.0}
    peerDependencies:
      postcss: ^8.4.31

  postcss-selector-parser@6.1.2:
    resolution: {integrity: sha512-Q8qQfPiZ+THO/3ZrOrO0cJJKfpYCagtMUkXbnEfmgUjwXg6z/WBeOyS9APBBPCTSiDV+s4SwQGu8yFsiMRIudg==}
    engines: {node: '>=4'}

  postcss-svgo@7.0.1:
    resolution: {integrity: sha512-0WBUlSL4lhD9rA5k1e5D8EN5wCEyZD6HJk0jIvRxl+FDVOMlJ7DePHYWGGVc5QRqrJ3/06FTXM0bxjmJpmTPSA==}
    engines: {node: ^18.12.0 || ^20.9.0 || >= 18}
    peerDependencies:
      postcss: ^8.4.31

  postcss-unique-selectors@7.0.3:
    resolution: {integrity: sha512-J+58u5Ic5T1QjP/LDV9g3Cx4CNOgB5vz+kM6+OxHHhFACdcDeKhBXjQmB7fnIZM12YSTvsL0Opwco83DmacW2g==}
    engines: {node: ^18.12.0 || ^20.9.0 || >=22.0}
    peerDependencies:
      postcss: ^8.4.31

  postcss-value-parser@4.2.0:
    resolution: {integrity: sha512-1NNCs6uurfkVbeXG4S8JFT9t19m45ICnif8zWLd5oPSZ50QnwMfK+H3jv408d4jw/7Bttv5axS5IiHoLaVNHeQ==}

  postcss@8.4.49:
    resolution: {integrity: sha512-OCVPnIObs4N29kxTjzLfUryOkvZEq+pf8jTF0lg8E7uETuWHA+v7j3c/xJmiqpX450191LlmZfUKkXxkTry7nA==}
    engines: {node: ^10 || ^12 || >=14}

  punycode@2.3.1:
    resolution: {integrity: sha512-vYt7UD1U9Wg6138shLtLOvdAu+8DsC/ilFtEVHcH+wydcSpNE20AfSOduf6MkRFahL5FY7X1oU7nKVZFtfq8Fg==}
    engines: {node: '>=6'}

  queue-microtask@1.2.3:
    resolution: {integrity: sha512-NuaNSa6flKT5JaSYQzJok04JzTL1CA6aGhv5rfLW3PgqA+M2ChpZQnAC8h8i4ZFkBS8X5RqkDBHA7r4hej3K9A==}

  reusify@1.0.4:
    resolution: {integrity: sha512-U9nH88a3fc/ekCF1l0/UP1IosiuIjyTh7hBvXVMHYgVcfGvt897Xguj2UOLDeI5BG2m7/uwyaLVT6fbtCwTyzw==}
    engines: {iojs: '>=1.0.0', node: '>=0.10.0'}

  rrweb-cssom@0.7.1:
    resolution: {integrity: sha512-TrEMa7JGdVm0UThDJSx7ddw5nVm3UJS9o9CCIZ72B1vSyEZoziDqBYP3XIoi/12lKrJR8rE3jeFHMok2F/Mnsg==}

  run-parallel@1.2.0:
    resolution: {integrity: sha512-5l4VyZR86LZ/lDxZTR6jqL8AFE2S0IFLMP26AbjsLVADxHdhB/c0GUsH+y39UfCi3dzz8OlQuPmnaJOMoDHQBA==}

  safer-buffer@2.1.2:
    resolution: {integrity: sha512-YZo3K82SD7Riyi0E1EQPojLz7kpepnSQI9IyPbHHg1XXXevb5dJI7tpyN2ADxGcQbHG7vcyRHk0cbwqcQriUtg==}

  saxes@6.0.0:
    resolution: {integrity: sha512-xAg7SOnEhrm5zI3puOOKyy1OMcMlIJZYNJY7xLBwSze0UjhPLnWfj2GF2EpT0jmzaJKIWKHLsaSSajf35bcYnA==}
    engines: {node: '>=v12.22.7'}

  slash@5.1.0:
    resolution: {integrity: sha512-ZA6oR3T/pEyuqwMgAKT0/hAv8oAXckzbkmR0UkUosQ+Mc4RxGoJkRmwHgHufaenlyAgE1Mxgpdcrf75y6XcnDg==}
    engines: {node: '>=14.16'}

  source-map-js@1.2.1:
    resolution: {integrity: sha512-UXWMKhLOwVKb728IUtQPXxfYU+usdybtUrK/8uGE8CQMvrhOpwvzDBwj0QhSL7MQc7vIsISBG8VQ8+IDQxpfQA==}
    engines: {node: '>=0.10.0'}

  stylehacks@7.0.4:
    resolution: {integrity: sha512-i4zfNrGMt9SB4xRK9L83rlsFCgdGANfeDAYacO1pkqcE7cRHPdWHwnKZVz7WY17Veq/FvyYsRAU++Ga+qDFIww==}
    engines: {node: ^18.12.0 || ^20.9.0 || >=22.0}
    peerDependencies:
      postcss: ^8.4.31

  svgo@3.3.2:
    resolution: {integrity: sha512-OoohrmuUlBs8B8o6MB2Aevn+pRIH9zDALSR+6hhqVfa6fRwG/Qw9VUMSMW9VNg2CFc/MTIfabtdOVl9ODIJjpw==}
    engines: {node: '>=14.0.0'}
    hasBin: true

  symbol-tree@3.2.4:
    resolution: {integrity: sha512-9QNk5KwDF+Bvz+PyObkmSYjI5ksVUYtjW7AU22r2NKcfLJcXp96hkDWU3+XndOsUb+AQ9QhfzfCT2O+CNWT5Tw==}

  tldts-core@6.1.66:
    resolution: {integrity: sha512-s07jJruSwndD2X8bVjwioPfqpIc1pDTzszPe9pL1Skbh4bjytL85KNQ3tolqLbCvpQHawIsGfFi9dgerWjqW4g==}

  tldts@6.1.66:
    resolution: {integrity: sha512-l3ciXsYFel/jSRfESbyKYud1nOw7WfhrBEF9I3UiarYk/qEaOOwu3qXNECHw4fHGHGTEOuhf/VdKgoDX5M/dhQ==}
    hasBin: true

  to-regex-range@5.0.1:
    resolution: {integrity: sha512-65P7iz6X5yEr1cwcgvQxbbIw7Uk3gOy5dIdtZ4rDveLqhrdJP+Li/Hx6tyK0NEb+2GCyneCMJiGqrADCSNk8sQ==}
    engines: {node: '>=8.0'}

  tough-cookie@5.0.0:
    resolution: {integrity: sha512-FRKsF7cz96xIIeMZ82ehjC3xW2E+O2+v11udrDYewUbszngYhsGa8z6YUMMzO9QJZzzyd0nGGXnML/TReX6W8Q==}
    engines: {node: '>=16'}

  tr46@5.0.0:
    resolution: {integrity: sha512-tk2G5R2KRwBd+ZN0zaEXpmzdKyOYksXwywulIX95MBODjSzMIuQnQ3m8JxgbhnL1LeVo7lqQKsYa1O3Htl7K5g==}
    engines: {node: '>=18'}

  typescript@5.7.2:
    resolution: {integrity: sha512-i5t66RHxDvVN40HfDd1PsEThGNnlMCMT3jMUuoh9/0TaqWevNontacunWyN02LA9/fIbEWlcHZcgTKb9QoaLfg==}
    engines: {node: '>=14.17'}
    hasBin: true

  undici-types@6.20.0:
    resolution: {integrity: sha512-Ny6QZ2Nju20vw1SRHe3d9jVu6gJ+4e3+MMpqu7pqE5HT6WsTSlce++GQmK5UXS8mzV8DSYHrQH+Xrf2jVcuKNg==}

  unicorn-magic@0.1.0:
    resolution: {integrity: sha512-lRfVq8fE8gz6QMBuDM6a+LO3IAzTi05H6gCVaUpir2E1Rwpo4ZUog45KpNXKC/Mn3Yb9UDuHumeFTo9iV/D9FQ==}
    engines: {node: '>=18'}

  update-browserslist-db@1.1.1:
    resolution: {integrity: sha512-R8UzCaa9Az+38REPiJ1tXlImTJXlVfgHZsglwBD/k6nj76ctsH1E3q4doGrukiLQd3sGQYu56r5+lo5r94l29A==}
    hasBin: true
    peerDependencies:
      browserslist: '>= 4.21.0'

  util-deprecate@1.0.2:
    resolution: {integrity: sha512-EPD5q1uXyFxJpCrLnCc1nHnq3gOa6DZBocAIiI2TaSCA7VCJ1UJDMagCzIkXNsUYfD1daK//LTEQ8xiIbrHtcw==}

  w3c-xmlserializer@5.0.0:
    resolution: {integrity: sha512-o8qghlI8NZHU1lLPrpi2+Uq7abh4GGPpYANlalzWxyWteJOCsr/P+oPBA49TOLu5FTZO4d3F9MnWJfiMo4BkmA==}
    engines: {node: '>=18'}

  webidl-conversions@7.0.0:
    resolution: {integrity: sha512-VwddBukDzu71offAQR975unBIGqfKZpM+8ZX6ySk8nYhVoo5CYaZyzt3YBvYtRtO+aoGlqxPg/B87NGVZ/fu6g==}
    engines: {node: '>=12'}

  whatwg-encoding@3.1.1:
    resolution: {integrity: sha512-6qN4hJdMwfYBtE3YBTTHhoeuUrDBPZmbQaxWAqSALV/MeEnR5z1xd8UKud2RAkFoPkmB+hli1TZSnyi84xz1vQ==}
    engines: {node: '>=18'}

  whatwg-mimetype@4.0.0:
    resolution: {integrity: sha512-QaKxh0eNIi2mE9p2vEdzfagOKHCcj1pJ56EEHGQOVxp8r9/iszLUUV7v89x9O1p/T+NlTM5W7jW6+cz4Fq1YVg==}
    engines: {node: '>=18'}

  whatwg-url@14.1.0:
    resolution: {integrity: sha512-jlf/foYIKywAt3x/XWKZ/3rz8OSJPiWktjmk891alJUEjiVxKX9LEO92qH3hv4aJ0mN3MWPvGMCy8jQi95xK4w==}
    engines: {node: '>=18'}

  ws@8.18.0:
    resolution: {integrity: sha512-8VbfWfHLbbwu3+N6OKsOMpBdT4kXPDDB9cJk2bJ6mh9ucxdlnNvH1e+roYkKmN9Nxw2yjz7VzeO9oOz2zJ04Pw==}
    engines: {node: '>=10.0.0'}
    peerDependencies:
      bufferutil: ^4.0.1
      utf-8-validate: '>=5.0.2'
    peerDependenciesMeta:
      bufferutil:
        optional: true
      utf-8-validate:
        optional: true

  xml-name-validator@5.0.0:
    resolution: {integrity: sha512-EvGK8EJ3DhaHfbRlETOWAS5pO9MZITeauHKJyb8wyajUfQUenkIg2MvLDTZ4T/TgIcm3HU0TFBgWWboAZ30UHg==}
    engines: {node: '>=18'}

  xmlchars@2.2.0:
    resolution: {integrity: sha512-JZnDKK8B0RCDw84FNdDAIpZK+JuJw+s7Lz8nksI7SIuU3UXJJslUthsi+uWBUYOwPFwW7W7PRLRfUKpxjtjFCw==}

snapshots:

  '@nodelib/fs.scandir@2.1.5':
    dependencies:
      '@nodelib/fs.stat': 2.0.5
      run-parallel: 1.2.0

  '@nodelib/fs.stat@2.0.5': {}

  '@nodelib/fs.walk@1.2.8':
    dependencies:
      '@nodelib/fs.scandir': 2.1.5
      fastq: 1.17.1

  '@sindresorhus/merge-streams@2.3.0': {}

  '@trysound/sax@0.2.0': {}

  '@types/jsdom@21.1.7':
    dependencies:
      '@types/node': 22.10.1
      '@types/tough-cookie': 4.0.5
      parse5: 7.2.1

  '@types/node@22.10.1':
    dependencies:
      undici-types: 6.20.0

  '@types/tough-cookie@4.0.5': {}

  agent-base@7.1.3: {}

  asynckit@0.4.0: {}

  autoprefixer@10.4.20(postcss@8.4.49):
    dependencies:
      browserslist: 4.24.2
      caniuse-lite: 1.0.30001687
      fraction.js: 4.3.7
      normalize-range: 0.1.2
      picocolors: 1.1.1
      postcss: 8.4.49
      postcss-value-parser: 4.2.0

  boolbase@1.0.0: {}

  braces@3.0.3:
    dependencies:
      fill-range: 7.1.1

  browserslist@4.24.2:
    dependencies:
      caniuse-lite: 1.0.30001687
      electron-to-chromium: 1.5.72
      node-releases: 2.0.19
      update-browserslist-db: 1.1.1(browserslist@4.24.2)

  caniuse-api@3.0.0:
    dependencies:
      browserslist: 4.24.2
      caniuse-lite: 1.0.30001687
      lodash.memoize: 4.1.2
      lodash.uniq: 4.5.0

  caniuse-lite@1.0.30001687: {}

  colord@2.9.3: {}

  combined-stream@1.0.8:
    dependencies:
      delayed-stream: 1.0.0

  commander@7.2.0: {}

  css-declaration-sorter@7.2.0(postcss@8.4.49):
    dependencies:
      postcss: 8.4.49

  css-select@5.1.0:
    dependencies:
      boolbase: 1.0.0
      css-what: 6.1.0
      domhandler: 5.0.3
      domutils: 3.1.0
      nth-check: 2.1.1

  css-tree@2.2.1:
    dependencies:
      mdn-data: 2.0.28
      source-map-js: 1.2.1

  css-tree@2.3.1:
    dependencies:
      mdn-data: 2.0.30
      source-map-js: 1.2.1

  css-what@6.1.0: {}

  cssesc@3.0.0: {}

  cssnano-preset-default@7.0.6(postcss@8.4.49):
    dependencies:
      browserslist: 4.24.2
      css-declaration-sorter: 7.2.0(postcss@8.4.49)
      cssnano-utils: 5.0.0(postcss@8.4.49)
      postcss: 8.4.49
      postcss-calc: 10.0.2(postcss@8.4.49)
      postcss-colormin: 7.0.2(postcss@8.4.49)
      postcss-convert-values: 7.0.4(postcss@8.4.49)
      postcss-discard-comments: 7.0.3(postcss@8.4.49)
      postcss-discard-duplicates: 7.0.1(postcss@8.4.49)
      postcss-discard-empty: 7.0.0(postcss@8.4.49)
      postcss-discard-overridden: 7.0.0(postcss@8.4.49)
      postcss-merge-longhand: 7.0.4(postcss@8.4.49)
      postcss-merge-rules: 7.0.4(postcss@8.4.49)
      postcss-minify-font-values: 7.0.0(postcss@8.4.49)
      postcss-minify-gradients: 7.0.0(postcss@8.4.49)
      postcss-minify-params: 7.0.2(postcss@8.4.49)
      postcss-minify-selectors: 7.0.4(postcss@8.4.49)
      postcss-normalize-charset: 7.0.0(postcss@8.4.49)
      postcss-normalize-display-values: 7.0.0(postcss@8.4.49)
      postcss-normalize-positions: 7.0.0(postcss@8.4.49)
      postcss-normalize-repeat-style: 7.0.0(postcss@8.4.49)
      postcss-normalize-string: 7.0.0(postcss@8.4.49)
      postcss-normalize-timing-functions: 7.0.0(postcss@8.4.49)
      postcss-normalize-unicode: 7.0.2(postcss@8.4.49)
      postcss-normalize-url: 7.0.0(postcss@8.4.49)
      postcss-normalize-whitespace: 7.0.0(postcss@8.4.49)
      postcss-ordered-values: 7.0.1(postcss@8.4.49)
      postcss-reduce-initial: 7.0.2(postcss@8.4.49)
      postcss-reduce-transforms: 7.0.0(postcss@8.4.49)
      postcss-svgo: 7.0.1(postcss@8.4.49)
      postcss-unique-selectors: 7.0.3(postcss@8.4.49)

  cssnano-utils@5.0.0(postcss@8.4.49):
    dependencies:
      postcss: 8.4.49

  cssnano@7.0.6(postcss@8.4.49):
    dependencies:
      cssnano-preset-default: 7.0.6(postcss@8.4.49)
      lilconfig: 3.1.3
      postcss: 8.4.49

  csso@5.0.5:
    dependencies:
      css-tree: 2.2.1

  cssstyle@4.1.0:
    dependencies:
      rrweb-cssom: 0.7.1

  data-urls@5.0.0:
    dependencies:
      whatwg-mimetype: 4.0.0
      whatwg-url: 14.1.0

  debug@4.4.0:
    dependencies:
      ms: 2.1.3

  decimal.js@10.4.3: {}

  del@8.0.0:
    dependencies:
      globby: 14.0.2
      is-glob: 4.0.3
      is-path-cwd: 3.0.0
      is-path-inside: 4.0.0
      p-map: 7.0.3
      slash: 5.1.0

  delayed-stream@1.0.0: {}

  dom-serializer@2.0.0:
    dependencies:
      domelementtype: 2.3.0
      domhandler: 5.0.3
      entities: 4.5.0

  domelementtype@2.3.0: {}

  domhandler@5.0.3:
    dependencies:
      domelementtype: 2.3.0

  domutils@3.1.0:
    dependencies:
      dom-serializer: 2.0.0
      domelementtype: 2.3.0
      domhandler: 5.0.3

  electron-to-chromium@1.5.72: {}

  entities@4.5.0: {}

  escalade@3.2.0: {}

  fast-glob@3.3.2:
    dependencies:
      '@nodelib/fs.stat': 2.0.5
      '@nodelib/fs.walk': 1.2.8
      glob-parent: 5.1.2
      merge2: 1.4.1
      micromatch: 4.0.8

  fastq@1.17.1:
    dependencies:
      reusify: 1.0.4

  fill-range@7.1.1:
    dependencies:
      to-regex-range: 5.0.1

  form-data@4.0.1:
    dependencies:
      asynckit: 0.4.0
      combined-stream: 1.0.8
      mime-types: 2.1.35

  fraction.js@4.3.7: {}

  fs@0.0.1-security: {}

  glob-parent@5.1.2:
    dependencies:
      is-glob: 4.0.3

  globby@14.0.2:
    dependencies:
      '@sindresorhus/merge-streams': 2.3.0
      fast-glob: 3.3.2
      ignore: 5.3.2
      path-type: 5.0.0
      slash: 5.1.0
      unicorn-magic: 0.1.0

  html-encoding-sniffer@4.0.0:
    dependencies:
      whatwg-encoding: 3.1.1

  http-proxy-agent@7.0.2:
    dependencies:
      agent-base: 7.1.3
      debug: 4.4.0
    transitivePeerDependencies:
      - supports-color

  https-proxy-agent@7.0.6:
    dependencies:
      agent-base: 7.1.3
      debug: 4.4.0
    transitivePeerDependencies:
      - supports-color

  iconv-lite@0.6.3:
    dependencies:
      safer-buffer: 2.1.2

  ignore@5.3.2: {}

  is-extglob@2.1.1: {}

  is-glob@4.0.3:
    dependencies:
      is-extglob: 2.1.1

  is-number@7.0.0: {}

  is-path-cwd@3.0.0: {}

  is-path-inside@4.0.0: {}

  is-potential-custom-element-name@1.0.1: {}

  jsdom@25.0.1:
    dependencies:
      cssstyle: 4.1.0
      data-urls: 5.0.0
      decimal.js: 10.4.3
      form-data: 4.0.1
      html-encoding-sniffer: 4.0.0
      http-proxy-agent: 7.0.2
      https-proxy-agent: 7.0.6
      is-potential-custom-element-name: 1.0.1
      nwsapi: 2.2.16
      parse5: 7.2.1
      rrweb-cssom: 0.7.1
      saxes: 6.0.0
      symbol-tree: 3.2.4
      tough-cookie: 5.0.0
      w3c-xmlserializer: 5.0.0
      webidl-conversions: 7.0.0
      whatwg-encoding: 3.1.1
      whatwg-mimetype: 4.0.0
      whatwg-url: 14.1.0
      ws: 8.18.0
      xml-name-validator: 5.0.0
    transitivePeerDependencies:
      - bufferutil
      - supports-color
      - utf-8-validate

  lilconfig@3.1.3: {}

  lodash.memoize@4.1.2: {}

  lodash.uniq@4.5.0: {}

  mdn-data@2.0.28: {}

  mdn-data@2.0.30: {}

  merge2@1.4.1: {}

  micromatch@4.0.8:
    dependencies:
      braces: 3.0.3
      picomatch: 2.3.1

  mime-db@1.52.0: {}

  mime-types@2.1.35:
    dependencies:
      mime-db: 1.52.0

  ms@2.1.3: {}

  nanoid@3.3.8: {}

  network-information-types@0.1.1(typescript@5.7.2):
    dependencies:
      typescript: 5.7.2

  node-releases@2.0.19: {}

  normalize-range@0.1.2: {}

  nth-check@2.1.1:
    dependencies:
      boolbase: 1.0.0

  nwsapi@2.2.16: {}

  p-map@7.0.3: {}

  parse5@7.2.1:
    dependencies:
      entities: 4.5.0

  path-type@5.0.0: {}

  picocolors@1.1.1: {}

  picomatch@2.3.1: {}

  postcss-calc@10.0.2(postcss@8.4.49):
    dependencies:
      postcss: 8.4.49
      postcss-selector-parser: 6.1.2
      postcss-value-parser: 4.2.0

  postcss-colormin@7.0.2(postcss@8.4.49):
    dependencies:
      browserslist: 4.24.2
      caniuse-api: 3.0.0
      colord: 2.9.3
      postcss: 8.4.49
      postcss-value-parser: 4.2.0

  postcss-convert-values@7.0.4(postcss@8.4.49):
    dependencies:
      browserslist: 4.24.2
      postcss: 8.4.49
      postcss-value-parser: 4.2.0

  postcss-discard-comments@7.0.3(postcss@8.4.49):
    dependencies:
      postcss: 8.4.49
      postcss-selector-parser: 6.1.2

  postcss-discard-duplicates@7.0.1(postcss@8.4.49):
    dependencies:
      postcss: 8.4.49

  postcss-discard-empty@7.0.0(postcss@8.4.49):
    dependencies:
      postcss: 8.4.49

  postcss-discard-overridden@7.0.0(postcss@8.4.49):
    dependencies:
      postcss: 8.4.49

  postcss-merge-longhand@7.0.4(postcss@8.4.49):
    dependencies:
      postcss: 8.4.49
      postcss-value-parser: 4.2.0
      stylehacks: 7.0.4(postcss@8.4.49)

  postcss-merge-rules@7.0.4(postcss@8.4.49):
    dependencies:
      browserslist: 4.24.2
      caniuse-api: 3.0.0
      cssnano-utils: 5.0.0(postcss@8.4.49)
      postcss: 8.4.49
      postcss-selector-parser: 6.1.2

  postcss-minify-font-values@7.0.0(postcss@8.4.49):
    dependencies:
      postcss: 8.4.49
      postcss-value-parser: 4.2.0

  postcss-minify-gradients@7.0.0(postcss@8.4.49):
    dependencies:
      colord: 2.9.3
      cssnano-utils: 5.0.0(postcss@8.4.49)
      postcss: 8.4.49
      postcss-value-parser: 4.2.0

  postcss-minify-params@7.0.2(postcss@8.4.49):
    dependencies:
      browserslist: 4.24.2
      cssnano-utils: 5.0.0(postcss@8.4.49)
      postcss: 8.4.49
      postcss-value-parser: 4.2.0

  postcss-minify-selectors@7.0.4(postcss@8.4.49):
    dependencies:
      cssesc: 3.0.0
      postcss: 8.4.49
      postcss-selector-parser: 6.1.2

  postcss-normalize-charset@7.0.0(postcss@8.4.49):
    dependencies:
      postcss: 8.4.49

  postcss-normalize-display-values@7.0.0(postcss@8.4.49):
    dependencies:
      postcss: 8.4.49
      postcss-value-parser: 4.2.0

  postcss-normalize-positions@7.0.0(postcss@8.4.49):
    dependencies:
      postcss: 8.4.49
      postcss-value-parser: 4.2.0

  postcss-normalize-repeat-style@7.0.0(postcss@8.4.49):
    dependencies:
      postcss: 8.4.49
      postcss-value-parser: 4.2.0

  postcss-normalize-string@7.0.0(postcss@8.4.49):
    dependencies:
      postcss: 8.4.49
      postcss-value-parser: 4.2.0

  postcss-normalize-timing-functions@7.0.0(postcss@8.4.49):
    dependencies:
      postcss: 8.4.49
      postcss-value-parser: 4.2.0

  postcss-normalize-unicode@7.0.2(postcss@8.4.49):
    dependencies:
      browserslist: 4.24.2
      postcss: 8.4.49
      postcss-value-parser: 4.2.0

  postcss-normalize-url@7.0.0(postcss@8.4.49):
    dependencies:
      postcss: 8.4.49
      postcss-value-parser: 4.2.0

  postcss-normalize-whitespace@7.0.0(postcss@8.4.49):
    dependencies:
      postcss: 8.4.49
      postcss-value-parser: 4.2.0

  postcss-ordered-values@7.0.1(postcss@8.4.49):
    dependencies:
      cssnano-utils: 5.0.0(postcss@8.4.49)
      postcss: 8.4.49
      postcss-value-parser: 4.2.0

  postcss-reduce-initial@7.0.2(postcss@8.4.49):
    dependencies:
      browserslist: 4.24.2
      caniuse-api: 3.0.0
      postcss: 8.4.49

  postcss-reduce-transforms@7.0.0(postcss@8.4.49):
    dependencies:
      postcss: 8.4.49
      postcss-value-parser: 4.2.0

  postcss-selector-parser@6.1.2:
    dependencies:
      cssesc: 3.0.0
      util-deprecate: 1.0.2

  postcss-svgo@7.0.1(postcss@8.4.49):
    dependencies:
      postcss: 8.4.49
      postcss-value-parser: 4.2.0
      svgo: 3.3.2

  postcss-unique-selectors@7.0.3(postcss@8.4.49):
    dependencies:
      postcss: 8.4.49
      postcss-selector-parser: 6.1.2

  postcss-value-parser@4.2.0: {}

  postcss@8.4.49:
    dependencies:
      nanoid: 3.3.8
      picocolors: 1.1.1
      source-map-js: 1.2.1

  punycode@2.3.1: {}

  queue-microtask@1.2.3: {}

  reusify@1.0.4: {}

  rrweb-cssom@0.7.1: {}

  run-parallel@1.2.0:
    dependencies:
      queue-microtask: 1.2.3

  safer-buffer@2.1.2: {}

  saxes@6.0.0:
    dependencies:
      xmlchars: 2.2.0

  slash@5.1.0: {}

  source-map-js@1.2.1: {}

  stylehacks@7.0.4(postcss@8.4.49):
    dependencies:
      browserslist: 4.24.2
      postcss: 8.4.49
      postcss-selector-parser: 6.1.2

  svgo@3.3.2:
    dependencies:
      '@trysound/sax': 0.2.0
      commander: 7.2.0
      css-select: 5.1.0
      css-tree: 2.3.1
      css-what: 6.1.0
      csso: 5.0.5
      picocolors: 1.1.1

  symbol-tree@3.2.4: {}

  tldts-core@6.1.66: {}

  tldts@6.1.66:
    dependencies:
      tldts-core: 6.1.66

  to-regex-range@5.0.1:
    dependencies:
      is-number: 7.0.0

  tough-cookie@5.0.0:
    dependencies:
      tldts: 6.1.66

  tr46@5.0.0:
    dependencies:
      punycode: 2.3.1

  typescript@5.7.2: {}

  undici-types@6.20.0: {}

  unicorn-magic@0.1.0: {}

  update-browserslist-db@1.1.1(browserslist@4.24.2):
    dependencies:
      browserslist: 4.24.2
      escalade: 3.2.0
      picocolors: 1.1.1

  util-deprecate@1.0.2: {}

  w3c-xmlserializer@5.0.0:
    dependencies:
      xml-name-validator: 5.0.0

  webidl-conversions@7.0.0: {}

  whatwg-encoding@3.1.1:
    dependencies:
      iconv-lite: 0.6.3

  whatwg-mimetype@4.0.0: {}

  whatwg-url@14.1.0:
    dependencies:
      tr46: 5.0.0
      webidl-conversions: 7.0.0

  ws@8.18.0: {}

  xml-name-validator@5.0.0: {}

  xmlchars@2.2.0: {}
